
Microsoft Visual Studio Solution File, Format Version 12.00
# Visual Studio Version 17
VisualStudioVersion = 17.3.32825.248
MinimumVisualStudioVersion = 10.0.40219.1
Project("{FAE04EC0-301F-11D3-BF4B-00C04F79EFBC}") = "LabW06JesseArnold", "LabW06JesseArnold\LabW06JesseArnold.csproj", "{8CA1FB8E-AD5E-4ECF-A864-35F313B4CDC9}"
EndProject
Global
	GlobalSection(SolutionConfigurationPlatforms) = preSolution
		Debug|Any CPU = Debug|Any CPU
		Release|Any CPU = Release|Any CPU
	EndGlobalSection
	GlobalSection(ProjectConfigurationPlatforms) = postSolution
		{8CA1FB8E-AD5E-4ECF-A864-35F313B4CDC9}.Debug|Any CPU.ActiveCfg = Debug|Any CPU
		{8CA1FB8E-AD5E-4ECF-A864-35F313B4CDC9}.Debug|Any CPU.Build.0 = Debug|Any CPU
		{8CA1FB8E-AD5E-4ECF-A864-35F313B4CDC9}.Release|Any CPU.ActiveCfg = Release|Any CPU
		{8CA1FB8E-AD5E-4ECF-A864-35F313B4CDC9}.Release|Any CPU.Build.0 = Release|Any CPU
	EndGlobalSection
	GlobalSection(SolutionProperties) = preSolution
		HideSolutionNode = FALSE
	EndGlobalSection
	GlobalSection(ExtensibilityGlobals) = postSolution
		SolutionGuid = {4156BCBA-80C9-48A1-9A52-02D137D8F62D}
	EndGlobalSection
EndGlobal
